
Microsoft Visual Studio Solution File, Format Version 12.00
# Visual Studio Version 16
VisualStudioVersion = 16.0.30002.166
MinimumVisualStudioVersion = 10.0.40219.1
Project("{FAE04EC0-301F-11D3-BF4B-00C04F79EFBC}") = "Composante", "Composante\Composante.csproj", "{8D715EF0-9AD1-425B-9236-2E2AF5E32142}"
EndProject
Project("{FAE04EC0-301F-11D3-BF4B-00C04F79EFBC}") = "ComposanteTest", "ComposanteTest\ComposanteTest.csproj", "{4AD81E34-6B03-469A-9A89-4B4C14DBA30C}"
EndProject
Project("{FAE04EC0-301F-11D3-BF4B-00C04F79EFBC}") = "HelperMoq", "HelperMoq\HelperMoq.csproj", "{5DACFA2E-9FCD-49C9-AEF1-56FFA6F69926}"
EndProject
Global
	GlobalSection(SolutionConfigurationPlatforms) = preSolution
		Debug|Any CPU = Debug|Any CPU
		Release|Any CPU = Release|Any CPU
	EndGlobalSection
	GlobalSection(ProjectConfigurationPlatforms) = postSolution
		{8D715EF0-9AD1-425B-9236-2E2AF5E32142}.Debug|Any CPU.ActiveCfg = Debug|Any CPU
		{8D715EF0-9AD1-425B-9236-2E2AF5E32142}.Debug|Any CPU.Build.0 = Debug|Any CPU
		{8D715EF0-9AD1-425B-9236-2E2AF5E32142}.Release|Any CPU.ActiveCfg = Release|Any CPU
		{8D715EF0-9AD1-425B-9236-2E2AF5E32142}.Release|Any CPU.Build.0 = Release|Any CPU
		{4AD81E34-6B03-469A-9A89-4B4C14DBA30C}.Debug|Any CPU.ActiveCfg = Debug|Any CPU
		{4AD81E34-6B03-469A-9A89-4B4C14DBA30C}.Debug|Any CPU.Build.0 = Debug|Any CPU
		{4AD81E34-6B03-469A-9A89-4B4C14DBA30C}.Release|Any CPU.ActiveCfg = Release|Any CPU
		{4AD81E34-6B03-469A-9A89-4B4C14DBA30C}.Release|Any CPU.Build.0 = Release|Any CPU
		{5DACFA2E-9FCD-49C9-AEF1-56FFA6F69926}.Debug|Any CPU.ActiveCfg = Debug|Any CPU
		{5DACFA2E-9FCD-49C9-AEF1-56FFA6F69926}.Debug|Any CPU.Build.0 = Debug|Any CPU
		{5DACFA2E-9FCD-49C9-AEF1-56FFA6F69926}.Release|Any CPU.ActiveCfg = Release|Any CPU
		{5DACFA2E-9FCD-49C9-AEF1-56FFA6F69926}.Release|Any CPU.Build.0 = Release|Any CPU
	EndGlobalSection
	GlobalSection(SolutionProperties) = preSolution
		HideSolutionNode = FALSE
	EndGlobalSection
	GlobalSection(ExtensibilityGlobals) = postSolution
		SolutionGuid = {1EC3FE18-1BED-4596-9E8D-3B1464EA55F4}
	EndGlobalSection
EndGlobal
